
Microsoft Visual Studio Solution File, Format Version 12.00
# Visual Studio Version 16
VisualStudioVersion = 16.0.34031.81
MinimumVisualStudioVersion = 10.0.40219.1
Project("{FAE04EC0-301F-11D3-BF4B-00C04F79EFBC}") = "QuanLyNhaSachPN", "QuanLyNhaSachPN\QuanLyNhaSachPN.csproj", "{92D5C6BB-0415-4175-AA40-74A9762AE47C}"
EndProject
Global
	GlobalSection(SolutionConfigurationPlatforms) = preSolution
		Debug|Any CPU = Debug|Any CPU
		Release|Any CPU = Release|Any CPU
	EndGlobalSection
	GlobalSection(ProjectConfigurationPlatforms) = postSolution
		{92D5C6BB-0415-4175-AA40-74A9762AE47C}.Debug|Any CPU.ActiveCfg = Debug|Any CPU
		{92D5C6BB-0415-4175-AA40-74A9762AE47C}.Debug|Any CPU.Build.0 = Debug|Any CPU
		{92D5C6BB-0415-4175-AA40-74A9762AE47C}.Release|Any CPU.ActiveCfg = Release|Any CPU
		{92D5C6BB-0415-4175-AA40-74A9762AE47C}.Release|Any CPU.Build.0 = Release|Any CPU
	EndGlobalSection
	GlobalSection(SolutionProperties) = preSolution
		HideSolutionNode = FALSE
	EndGlobalSection
	GlobalSection(ExtensibilityGlobals) = postSolution
		SolutionGuid = {BE834A2B-799E-4B21-A73E-202024E56BB4}
	EndGlobalSection
EndGlobal
